
Microsoft Visual Studio Solution File, Format Version 12.00
# Visual Studio Version 16
VisualStudioVersion = 16.0.30114.105
MinimumVisualStudioVersion = 10.0.40219.1
Project("{FAE04EC0-301F-11D3-BF4B-00C04F79EFBC}") = "API", "API\API.csproj", "{129C26C9-EE5E-400D-BB1B-909CED25467B}"
EndProject
Global
	GlobalSection(SolutionConfigurationPlatforms) = preSolution
		Debug|Any CPU = Debug|Any CPU
		Release|Any CPU = Release|Any CPU
	EndGlobalSection
	GlobalSection(SolutionProperties) = preSolution
		HideSolutionNode = FALSE
	EndGlobalSection
	GlobalSection(ProjectConfigurationPlatforms) = postSolution
		{129C26C9-EE5E-400D-BB1B-909CED25467B}.Debug|Any CPU.ActiveCfg = Debug|Any CPU
		{129C26C9-EE5E-400D-BB1B-909CED25467B}.Debug|Any CPU.Build.0 = Debug|Any CPU
		{129C26C9-EE5E-400D-BB1B-909CED25467B}.Release|Any CPU.ActiveCfg = Release|Any CPU
		{129C26C9-EE5E-400D-BB1B-909CED25467B}.Release|Any CPU.Build.0 = Release|Any CPU
	EndGlobalSection
EndGlobal
